
Microsoft Visual Studio Solution File, Format Version 12.00
# Visual Studio Version 16
VisualStudioVersion = 16.0.30523.141
MinimumVisualStudioVersion = 10.0.40219.1
Project("{8BC9CEB8-8B4A-11D0-8D11-00A0C91BC942}") = "zfc", "zfc.vcxproj", "{9DD2A9F5-29D8-4E15-A05E-ECD0527F767F}"
EndProject
Global
	GlobalSection(SolutionConfigurationPlatforms) = preSolution
		Debug|x64 = Debug|x64
		Debug|x86 = Debug|x86
		Release|x64 = Release|x64
		Release|x86 = Release|x86
	EndGlobalSection
	GlobalSection(ProjectConfigurationPlatforms) = postSolution
		{9DD2A9F5-29D8-4E15-A05E-ECD0527F767F}.Debug|x64.ActiveCfg = Debug|x64
		{9DD2A9F5-29D8-4E15-A05E-ECD0527F767F}.Debug|x64.Build.0 = Debug|x64
		{9DD2A9F5-29D8-4E15-A05E-ECD0527F767F}.Debug|x86.ActiveCfg = Debug|Win32
		{9DD2A9F5-29D8-4E15-A05E-ECD0527F767F}.Debug|x86.Build.0 = Debug|Win32
		{9DD2A9F5-29D8-4E15-A05E-ECD0527F767F}.Release|x64.ActiveCfg = Release|x64
		{9DD2A9F5-29D8-4E15-A05E-ECD0527F767F}.Release|x64.Build.0 = Release|x64
		{9DD2A9F5-29D8-4E15-A05E-ECD0527F767F}.Release|x86.ActiveCfg = Release|Win32
		{9DD2A9F5-29D8-4E15-A05E-ECD0527F767F}.Release|x86.Build.0 = Release|Win32
	EndGlobalSection
	GlobalSection(SolutionProperties) = preSolution
		HideSolutionNode = FALSE
	EndGlobalSection
	GlobalSection(ExtensibilityGlobals) = postSolution
		SolutionGuid = {6B6664DF-7BCC-4D2D-BD7F-681938A07D9A}
	EndGlobalSection
EndGlobal
