
Microsoft Visual Studio Solution File, Format Version 12.00
# Visual Studio Version 16
VisualStudioVersion = 16.0.30523.141
MinimumVisualStudioVersion = 10.0.40219.1
Project("{8BC9CEB8-8B4A-11D0-8D11-00A0C91BC942}") = "ConsoleApplication1", "ConsoleApplication1.vcxproj", "{EFD085E7-0ECD-498E-B62F-8168699A4220}"
EndProject
Global
	GlobalSection(SolutionConfigurationPlatforms) = preSolution
		Debug|x64 = Debug|x64
		Debug|x86 = Debug|x86
		Release|x64 = Release|x64
		Release|x86 = Release|x86
	EndGlobalSection
	GlobalSection(ProjectConfigurationPlatforms) = postSolution
		{EFD085E7-0ECD-498E-B62F-8168699A4220}.Debug|x64.ActiveCfg = Debug|x64
		{EFD085E7-0ECD-498E-B62F-8168699A4220}.Debug|x64.Build.0 = Debug|x64
		{EFD085E7-0ECD-498E-B62F-8168699A4220}.Debug|x86.ActiveCfg = Debug|Win32
		{EFD085E7-0ECD-498E-B62F-8168699A4220}.Debug|x86.Build.0 = Debug|Win32
		{EFD085E7-0ECD-498E-B62F-8168699A4220}.Release|x64.ActiveCfg = Release|x64
		{EFD085E7-0ECD-498E-B62F-8168699A4220}.Release|x64.Build.0 = Release|x64
		{EFD085E7-0ECD-498E-B62F-8168699A4220}.Release|x86.ActiveCfg = Release|Win32
		{EFD085E7-0ECD-498E-B62F-8168699A4220}.Release|x86.Build.0 = Release|Win32
	EndGlobalSection
	GlobalSection(SolutionProperties) = preSolution
		HideSolutionNode = FALSE
	EndGlobalSection
	GlobalSection(ExtensibilityGlobals) = postSolution
		SolutionGuid = {C9F2CC64-1B97-4EAF-8E27-958ABB6B8378}
	EndGlobalSection
EndGlobal
